// !$*UTF8*$!
{
	archiveVersion = 1;
	classes = {
	};
	objectVersion = 46;
	objects = {

/* Begin PBXBuildFile section */
		9ACD55851A311070009570EE /* GDWebViewController.swift in Sources */ = {isa = PBXBuildFile; fileRef = 9ACD55841A311070009570EE /* GDWebViewController.swift */; };
		9ACD55871A3110BA009570EE /* GDWebViewNavigationToolbar.swift in Sources */ = {isa = PBXBuildFile; fileRef = 9ACD55861A3110BA009570EE /* GDWebViewNavigationToolbar.swift */; };
		9AF407951A3000F600CEC89A /* AppDelegate.swift in Sources */ = {isa = PBXBuildFile; fileRef = 9AF407941A3000F600CEC89A /* AppDelegate.swift */; };
		9AF4079C1A3000F600CEC89A /* Images.xcassets in Resources */ = {isa = PBXBuildFile; fileRef = 9AF4079B1A3000F600CEC89A /* Images.xcassets */; };
		9AF4079F1A3000F600CEC89A /* LaunchScreen.xib in Resources */ = {isa = PBXBuildFile; fileRef = 9AF4079D1A3000F600CEC89A /* LaunchScreen.xib */; };
		9AF407AB1A3000F600CEC89A /* GDWebBrowserClientTests.swift in Sources */ = {isa = PBXBuildFile; fileRef = 9AF407AA1A3000F600CEC89A /* GDWebBrowserClientTests.swift */; };
/* End PBXBuildFile section */

/* Begin PBXContainerItemProxy section */
		9AF407A51A3000F600CEC89A /* PBXContainerItemProxy */ = {
			isa = PBXContainerItemProxy;
			containerPortal = 9AF407871A3000F600CEC89A /* Project object */;
			proxyType = 1;
			remoteGlobalIDString = 9AF4078E1A3000F600CEC89A;
			remoteInfo = GDWebBrowserClient;
		};
/* End PBXContainerItemProxy section */

/* Begin PBXFileReference section */
		9A340E441C53A0270030673F /* README.md */ = {isa = PBXFileReference; fileEncoding = 4; lastKnownFileType = net.daringfireball.markdown; name = README.md; path = ../README.md; sourceTree = "<group>"; };
		9ACD55841A311070009570EE /* GDWebViewController.swift */ = {isa = PBXFileReference; fileEncoding = 4; lastKnownFileType = sourcecode.swift; lineEnding = 0; path = GDWebViewController.swift; sourceTree = "<group>"; xcLanguageSpecificationIdentifier = xcode.lang.swift; };
		9ACD55861A3110BA009570EE /* GDWebViewNavigationToolbar.swift */ = {isa = PBXFileReference; fileEncoding = 4; lastKnownFileType = sourcecode.swift; path = GDWebViewNavigationToolbar.swift; sourceTree = "<group>"; };
		9AF4078F1A3000F600CEC89A /* GDWebBrowserClient.app */ = {isa = PBXFileReference; explicitFileType = wrapper.application; includeInIndex = 0; path = GDWebBrowserClient.app; sourceTree = BUILT_PRODUCTS_DIR; };
		9AF407931A3000F600CEC89A /* Info.plist */ = {isa = PBXFileReference; lastKnownFileType = text.plist.xml; path = Info.plist; sourceTree = "<group>"; };
		9AF407941A3000F600CEC89A /* AppDelegate.swift */ = {isa = PBXFileReference; lastKnownFileType = sourcecode.swift; lineEnding = 0; path = AppDelegate.swift; sourceTree = "<group>"; xcLanguageSpecificationIdentifier = xcode.lang.swift; };
		9AF4079B1A3000F600CEC89A /* Images.xcassets */ = {isa = PBXFileReference; lastKnownFileType = folder.assetcatalog; path = Images.xcassets; sourceTree = "<group>"; };
		9AF4079E1A3000F600CEC89A /* Base */ = {isa = PBXFileReference; lastKnownFileType = file.xib; name = Base; path = Base.lproj/LaunchScreen.xib; sourceTree = "<group>"; };
		9AF407A41A3000F600CEC89A /* GDWebBrowserClientTests.xctest */ = {isa = PBXFileReference; explicitFileType = wrapper.cfbundle; includeInIndex = 0; path = GDWebBrowserClientTests.xctest; sourceTree = BUILT_PRODUCTS_DIR; };
		9AF407A91A3000F600CEC89A /* Info.plist */ = {isa = PBXFileReference; lastKnownFileType = text.plist.xml; path = Info.plist; sourceTree = "<group>"; };
		9AF407AA1A3000F600CEC89A /* GDWebBrowserClientTests.swift */ = {isa = PBXFileReference; lastKnownFileType = sourcecode.swift; path = GDWebBrowserClientTests.swift; sourceTree = "<group>"; };
/* End PBXFileReference section */

/* Begin PBXFrameworksBuildPhase section */
		9AF4078C1A3000F600CEC89A /* Frameworks */ = {
			isa = PBXFrameworksBuildPhase;
			buildActionMask = 2147483647;
			files = (
			);
			runOnlyForDeploymentPostprocessing = 0;
		};
		9AF407A11A3000F600CEC89A /* Frameworks */ = {
			isa = PBXFrameworksBuildPhase;
			buildActionMask = 2147483647;
			files = (
			);
			runOnlyForDeploymentPostprocessing = 0;
		};
/* End PBXFrameworksBuildPhase section */

/* Begin PBXGroup section */
		9ACD55831A311070009570EE /* GDWebViewController */ = {
			isa = PBXGroup;
			children = (
				9ACD55861A3110BA009570EE /* GDWebViewNavigationToolbar.swift */,
				9ACD55841A311070009570EE /* GDWebViewController.swift */,
			);
			name = GDWebViewController;
			path = ../../GDWebViewController;
			sourceTree = "<group>";
		};
		9AF407861A3000F600CEC89A = {
			isa = PBXGroup;
			children = (
				9A340E441C53A0270030673F /* README.md */,
				9AF407911A3000F600CEC89A /* GDWebBrowserClient */,
				9AF407A71A3000F600CEC89A /* GDWebBrowserClientTests */,
				9AF407901A3000F600CEC89A /* Products */,
			);
			sourceTree = "<group>";
		};
		9AF407901A3000F600CEC89A /* Products */ = {
			isa = PBXGroup;
			children = (
				9AF4078F1A3000F600CEC89A /* GDWebBrowserClient.app */,
				9AF407A41A3000F600CEC89A /* GDWebBrowserClientTests.xctest */,
			);
			name = Products;
			sourceTree = "<group>";
		};
		9AF407911A3000F600CEC89A /* GDWebBrowserClient */ = {
			isa = PBXGroup;
			children = (
				9ACD55831A311070009570EE /* GDWebViewController */,
				9AF407941A3000F600CEC89A /* AppDelegate.swift */,
				9AF4079B1A3000F600CEC89A /* Images.xcassets */,
				9AF4079D1A3000F600CEC89A /* LaunchScreen.xib */,
				9AF407921A3000F600CEC89A /* Supporting Files */,
			);
			path = GDWebBrowserClient;
			sourceTree = "<group>";
		};
		9AF407921A3000F600CEC89A /* Supporting Files */ = {
			isa = PBXGroup;
			children = (
				9AF407931A3000F600CEC89A /* Info.plist */,
			);
			name = "Supporting Files";
			sourceTree = "<group>";
		};
		9AF407A71A3000F600CEC89A /* GDWebBrowserClientTests */ = {
			isa = PBXGroup;
			children = (
				9AF407AA1A3000F600CEC89A /* GDWebBrowserClientTests.swift */,
				9AF407A81A3000F600CEC89A /* Supporting Files */,
			);
			path = GDWebBrowserClientTests;
			sourceTree = "<group>";
		};
		9AF407A81A3000F600CEC89A /* Supporting Files */ = {
			isa = PBXGroup;
			children = (
				9AF407A91A3000F600CEC89A /* Info.plist */,
			);
			name = "Supporting Files";
			sourceTree = "<group>";
		};
/* End PBXGroup section */

/* Begin PBXNativeTarget section */
		9AF4078E1A3000F600CEC89A /* GDWebBrowserClient */ = {
			isa = PBXNativeTarget;
			buildConfigurationList = 9AF407AE1A3000F600CEC89A /* Build configuration list for PBXNativeTarget "GDWebBrowserClient" */;
			buildPhases = (
				9AF4078B1A3000F600CEC89A /* Sources */,
				9AF4078C1A3000F600CEC89A /* Frameworks */,
				9AF4078D1A3000F600CEC89A /* Resources */,
			);
			buildRules = (
			);
			dependencies = (
			);
			name = GDWebBrowserClient;
			productName = GDWebBrowserClient;
			productReference = 9AF4078F1A3000F600CEC89A /* GDWebBrowserClient.app */;
			productType = "com.apple.product-type.application";
		};
		9AF407A31A3000F600CEC89A /* GDWebBrowserClientTests */ = {
			isa = PBXNativeTarget;
			buildConfigurationList = 9AF407B11A3000F600CEC89A /* Build configuration list for PBXNativeTarget "GDWebBrowserClientTests" */;
			buildPhases = (
				9AF407A01A3000F600CEC89A /* Sources */,
				9AF407A11A3000F600CEC89A /* Frameworks */,
				9AF407A21A3000F600CEC89A /* Resources */,
			);
			buildRules = (
			);
			dependencies = (
				9AF407A61A3000F600CEC89A /* PBXTargetDependency */,
			);
			name = GDWebBrowserClientTests;
			productName = GDWebBrowserClientTests;
			productReference = 9AF407A41A3000F600CEC89A /* GDWebBrowserClientTests.xctest */;
			productType = "com.apple.product-type.bundle.unit-test";
		};
/* End PBXNativeTarget section */

/* Begin PBXProject section */
		9AF407871A3000F600CEC89A /* Project object */ = {
			isa = PBXProject;
			attributes = {
				LastSwiftMigration = 0700;
				LastSwiftUpdateCheck = 0700;
				LastUpgradeCheck = 0800;
				ORGANIZATIONNAME = "Alexey Gordiyenko";
				TargetAttributes = {
					9AF4078E1A3000F600CEC89A = {
						CreatedOnToolsVersion = 6.1;
						LastSwiftMigration = 0800;
					};
					9AF407A31A3000F600CEC89A = {
						CreatedOnToolsVersion = 6.1;
						LastSwiftMigration = 0800;
						TestTargetID = 9AF4078E1A3000F600CEC89A;
					};
				};
			};
			buildConfigurationList = 9AF4078A1A3000F600CEC89A /* Build configuration list for PBXProject "GDWebBrowserClient" */;
			compatibilityVersion = "Xcode 3.2";
			developmentRegion = English;
			hasScannedForEncodings = 0;
			knownRegions = (
				en,
				Base,
			);
			mainGroup = 9AF407861A3000F600CEC89A;
			productRefGroup = 9AF407901A3000F600CEC89A /* Products */;
			projectDirPath = "";
			projectRoot = "";
			targets = (
				9AF4078E1A3000F600CEC89A /* GDWebBrowserClient */,
				9AF407A31A3000F600CEC89A /* GDWebBrowserClientTests */,
			);
		};
/* End PBXProject section */

/* Begin PBXResourcesBuildPhase section */
		9AF4078D1A3000F600CEC89A /* Resources */ = {
			isa = PBXResourcesBuildPhase;
			buildActionMask = 2147483647;
			files = (
				9AF4079F1A3000F600CEC89A /* LaunchScreen.xib in Resources */,
				9AF4079C1A3000F600CEC89A /* Images.xcassets in Resources */,
			);
			runOnlyForDeploymentPostprocessing = 0;
		};
		9AF407A21A3000F600CEC89A /* Resources */ = {
			isa = PBXResourcesBuildPhase;
			buildActionMask = 2147483647;
			files = (
			);
			runOnlyForDeploymentPostprocessing = 0;
		};
/* End PBXResourcesBuildPhase section */

/* Begin PBXSourcesBuildPhase section */
		9AF4078B1A3000F600CEC89A /* Sources */ = {
			isa = PBXSourcesBuildPhase;
			buildActionMask = 2147483647;
			files = (
				9ACD55871A3110BA009570EE /* GDWebViewNavigationToolbar.swift in Sources */,
				9ACD55851A311070009570EE /* GDWebViewController.swift in Sources */,
				9AF407951A3000F600CEC89A /* AppDelegate.swift in Sources */,
			);
			runOnlyForDeploymentPostprocessing = 0;
		};
		9AF407A01A3000F600CEC89A /* Sources */ = {
			isa = PBXSourcesBuildPhase;
			buildActionMask = 2147483647;
			files = (
				9AF407AB1A3000F600CEC89A /* GDWebBrowserClientTests.swift in Sources */,
			);
			runOnlyForDeploymentPostprocessing = 0;
		};
/* End PBXSourcesBuildPhase section */

/* Begin PBXTargetDependency section */
		9AF407A61A3000F600CEC89A /* PBXTargetDependency */ = {
			isa = PBXTargetDependency;
			target = 9AF4078E1A3000F600CEC89A /* GDWebBrowserClient */;
			targetProxy = 9AF407A51A3000F600CEC89A /* PBXContainerItemProxy */;
		};
/* End PBXTargetDependency section */

/* Begin PBXVariantGroup section */
		9AF4079D1A3000F600CEC89A /* LaunchScreen.xib */ = {
			isa = PBXVariantGroup;
			children = (
				9AF4079E1A3000F600CEC89A /* Base */,
			);
			name = LaunchScreen.xib;
			sourceTree = "<group>";
		};
/* End PBXVariantGroup section */

/* Begin XCBuildConfiguration section */
		9AF407AC1A3000F600CEC89A /* Debug */ = {
			isa = XCBuildConfiguration;
			buildSettings = {
				ALWAYS_SEARCH_USER_PATHS = NO;
				CLANG_CXX_LANGUAGE_STANDARD = "gnu++0x";
				CLANG_CXX_LIBRARY = "libc++";
				CLANG_ENABLE_MODULES = YES;
				CLANG_ENABLE_OBJC_ARC = YES;
				CLANG_WARN_BOOL_CONVERSION = YES;
				CLANG_WARN_CONSTANT_CONVERSION = YES;
				CLANG_WARN_DIRECT_OBJC_ISA_USAGE = YES_ERROR;
				CLANG_WARN_EMPTY_BODY = YES;
				CLANG_WARN_ENUM_CONVERSION = YES;
				CLANG_WARN_INFINITE_RECURSION = YES;
				CLANG_WARN_INT_CONVERSION = YES;
				CLANG_WARN_OBJC_ROOT_CLASS = YES_ERROR;
				CLANG_WARN_SUSPICIOUS_MOVE = YES;
				CLANG_WARN_UNREACHABLE_CODE = YES;
				CLANG_WARN__DUPLICATE_METHOD_MATCH = YES;
				"CODE_SIGN_IDENTITY[sdk=iphoneos*]" = "iPhone Developer";
				COPY_PHASE_STRIP = NO;
				ENABLE_STRICT_OBJC_MSGSEND = YES;
				ENABLE_TESTABILITY = YES;
				GCC_C_LANGUAGE_STANDARD = gnu99;
				GCC_DYNAMIC_NO_PIC = NO;
				GCC_NO_COMMON_BLOCKS = YES;
				GCC_OPTIMIZATION_LEVEL = 0;
				GCC_PREPROCESSOR_DEFINITIONS = (
					"DEBUG=1",
					"$(inherited)",
				);
				GCC_SYMBOLS_PRIVATE_EXTERN = NO;
				GCC_WARN_64_TO_32_BIT_CONVERSION = YES;
				GCC_WARN_ABOUT_RETURN_TYPE = YES_ERROR;
				GCC_WARN_UNDECLARED_SELECTOR = YES;
				GCC_WARN_UNINITIALIZED_AUTOS = YES_AGGRESSIVE;
				GCC_WARN_UNUSED_FUNCTION = YES;
				GCC_WARN_UNUSED_VARIABLE = YES;
				IPHONEOS_DEPLOYMENT_TARGET = 8.1;
				MTL_ENABLE_DEBUG_INFO = YES;
				ONLY_ACTIVE_ARCH = YES;
				SDKROOT = iphoneos;
				SWIFT_OPTIMIZATION_LEVEL = "-Onone";
				TARGETED_DEVICE_FAMILY = "1,2";
			};
			name = Debug;
		};
		9AF407AD1A3000F600CEC89A /* Release */ = {
			isa = XCBuildConfiguration;
			buildSettings = {
				ALWAYS_SEARCH_USER_PATHS = NO;
				CLANG_CXX_LANGUAGE_STANDARD = "gnu++0x";
				CLANG_CXX_LIBRARY = "libc++";
				CLANG_ENABLE_MODULES = YES;
				CLANG_ENABLE_OBJC_ARC = YES;
				CLANG_WARN_BOOL_CONVERSION = YES;
				CLANG_WARN_CONSTANT_CONVERSION = YES;
				CLANG_WARN_DIRECT_OBJC_ISA_USAGE = YES_ERROR;
				CLANG_WARN_EMPTY_BODY = YES;
				CLANG_WARN_ENUM_CONVERSION = YES;
				CLANG_WARN_INFINITE_RECURSION = YES;
				CLANG_WARN_INT_CONVERSION = YES;
				CLANG_WARN_OBJC_ROOT_CLASS = YES_ERROR;
				CLANG_WARN_SUSPICIOUS_MOVE = YES;
				CLANG_WARN_UNREACHABLE_CODE = YES;
				CLANG_WARN__DUPLICATE_METHOD_MATCH = YES;
				"CODE_SIGN_IDENTITY[sdk=iphoneos*]" = "iPhone Developer";
				COPY_PHASE_STRIP = YES;
				ENABLE_NS_ASSERTIONS = NO;
				ENABLE_STRICT_OBJC_MSGSEND = YES;
				GCC_C_LANGUAGE_STANDARD = gnu99;
				GCC_NO_COMMON_BLOCKS = YES;
				GCC_WARN_64_TO_32_BIT_CONVERSION = YES;
				GCC_WARN_ABOUT_RETURN_TYPE = YES_ERROR;
				GCC_WARN_UNDECLARED_SELECTOR = YES;
				GCC_WARN_UNINITIALIZED_AUTOS = YES_AGGRESSIVE;
				GCC_WARN_UNUSED_FUNCTION = YES;
				GCC_WARN_UNUSED_VARIABLE = YES;
				IPHONEOS_DEPLOYMENT_TARGET = 8.1;
				MTL_ENABLE_DEBUG_INFO = NO;
				SDKROOT = iphoneos;
				SWIFT_OPTIMIZATION_LEVEL = "-Owholemodule";
				TARGETED_DEVICE_FAMILY = "1,2";
				VALIDATE_PRODUCT = YES;
			};
			name = Release;
		};
		9AF407AF1A3000F600CEC89A /* Debug */ = {
			isa = XCBuildConfiguration;
			buildSettings = {
				ASSETCATALOG_COMPILER_APPICON_NAME = AppIcon;
				INFOPLIST_FILE = GDWebBrowserClient/Info.plist;
				IPHONEOS_DEPLOYMENT_TARGET = 8.1;
				LD_RUNPATH_SEARCH_PATHS = "$(inherited) @executable_path/Frameworks";
				PRODUCT_BUNDLE_IDENTIFIER = "Uknown.$(PRODUCT_NAME:rfc1034identifier)";
				PRODUCT_NAME = "$(TARGET_NAME)";
				SWIFT_VERSION = 4.0;
			};
			name = Debug;
		};
		9AF407B01A3000F600CEC89A /* Release */ = {
			isa = XCBuildConfiguration;
			buildSettings = {
				ASSETCATALOG_COMPILER_APPICON_NAME = AppIcon;
				INFOPLIST_FILE = GDWebBrowserClient/Info.plist;
				IPHONEOS_DEPLOYMENT_TARGET = 8.1;
				LD_RUNPATH_SEARCH_PATHS = "$(inherited) @executable_path/Frameworks";
				PRODUCT_BUNDLE_IDENTIFIER = "Uknown.$(PRODUCT_NAME:rfc1034identifier)";
				PRODUCT_NAME = "$(TARGET_NAME)";
				SWIFT_VERSION = 4.0;
			};
			name = Release;
		};
		9AF407B21A3000F600CEC89A /* Debug */ = {
			isa = XCBuildConfiguration;
			buildSettings = {
				BUNDLE_LOADER = "$(TEST_HOST)";
				FRAMEWORK_SEARCH_PATHS = "$(inherited)";
				GCC_PREPROCESSOR_DEFINITIONS = (
					"DEBUG=1",
					"$(inherited)",
				);
				INFOPLIST_FILE = GDWebBrowserClientTests/Info.plist;
				LD_RUNPATH_SEARCH_PATHS = "$(inherited) @executable_path/Frameworks @loader_path/Frameworks";
				PRODUCT_BUNDLE_IDENTIFIER = "Uknown.$(PRODUCT_NAME:rfc1034identifier)";
				PRODUCT_NAME = "$(TARGET_NAME)";
				SWIFT_VERSION = 3.0;
				TEST_HOST = "$(BUILT_PRODUCTS_DIR)/GDWebBrowserClient.app/GDWebBrowserClient";
			};
			name = Debug;
		};
		9AF407B31A3000F600CEC89A /* Release */ = {
			isa = XCBuildConfiguration;
			buildSettings = {
				BUNDLE_LOADER = "$(TEST_HOST)";
				FRAMEWORK_SEARCH_PATHS = "$(inherited)";
				INFOPLIST_FILE = GDWebBrowserClientTests/Info.plist;
				LD_RUNPATH_SEARCH_PATHS = "$(inherited) @executable_path/Frameworks @loader_path/Frameworks";
				PRODUCT_BUNDLE_IDENTIFIER = "Uknown.$(PRODUCT_NAME:rfc1034identifier)";
				PRODUCT_NAME = "$(TARGET_NAME)";
				SWIFT_VERSION = 3.0;
				TEST_HOST = "$(BUILT_PRODUCTS_DIR)/GDWebBrowserClient.app/GDWebBrowserClient";
			};
			name = Release;
		};
/* End XCBuildConfiguration section */

/* Begin XCConfigurationList section */
		9AF4078A1A3000F600CEC89A /* Build configuration list for PBXProject "GDWebBrowserClient" */ = {
			isa = XCConfigurationList;
			buildConfigurations = (
				9AF407AC1A3000F600CEC89A /* Debug */,
				9AF407AD1A3000F600CEC89A /* Release */,
			);
			defaultConfigurationIsVisible = 0;
			defaultConfigurationName = Release;
		};
		9AF407AE1A3000F600CEC89A /* Build configuration list for PBXNativeTarget "GDWebBrowserClient" */ = {
			isa = XCConfigurationList;
			buildConfigurations = (
				9AF407AF1A3000F600CEC89A /* Debug */,
				9AF407B01A3000F600CEC89A /* Release */,
			);
			defaultConfigurationIsVisible = 0;
			defaultConfigurationName = Release;
		};
		9AF407B11A3000F600CEC89A /* Build configuration list for PBXNativeTarget "GDWebBrowserClientTests" */ = {
			isa = XCConfigurationList;
			buildConfigurations = (
				9AF407B21A3000F600CEC89A /* Debug */,
				9AF407B31A3000F600CEC89A /* Release */,
			);
			defaultConfigurationIsVisible = 0;
			defaultConfigurationName = Release;
		};
/* End XCConfigurationList section */
	};
	rootObject = 9AF407871A3000F600CEC89A /* Project object */;
}
